
Microsoft Visual Studio Solution File, Format Version 12.00
# Visual Studio Version 17
VisualStudioVersion = 17.14.36623.8 d17.14
MinimumVisualStudioVersion = 10.0.40219.1
Project("{FAE04EC0-301F-11D3-BF4B-00C04F79EFBC}") = "ZKTecoBridge", "ZKTecoBridge\ZKTecoBridge.csproj", "{568BE4D2-9F47-4064-8A25-464F3D7D4FE9}"
EndProject
Global
	GlobalSection(SolutionConfigurationPlatforms) = preSolution
		Debug|Any CPU = Debug|Any CPU
		Release|Any CPU = Release|Any CPU
	EndGlobalSection
	GlobalSection(ProjectConfigurationPlatforms) = postSolution
		{568BE4D2-9F47-4064-8A25-464F3D7D4FE9}.Debug|Any CPU.ActiveCfg = Debug|Any CPU
		{568BE4D2-9F47-4064-8A25-464F3D7D4FE9}.Debug|Any CPU.Build.0 = Debug|Any CPU
		{568BE4D2-9F47-4064-8A25-464F3D7D4FE9}.Release|Any CPU.ActiveCfg = Release|Any CPU
		{568BE4D2-9F47-4064-8A25-464F3D7D4FE9}.Release|Any CPU.Build.0 = Release|Any CPU
	EndGlobalSection
	GlobalSection(SolutionProperties) = preSolution
		HideSolutionNode = FALSE
	EndGlobalSection
	GlobalSection(ExtensibilityGlobals) = postSolution
		SolutionGuid = {F8C0591E-922C-432A-A143-214F0B9BA6B4}
	EndGlobalSection
EndGlobal
